
Microsoft Visual Studio Solution File, Format Version 12.00
# Visual Studio Version 17
VisualStudioVersion = 17.1.32228.430
MinimumVisualStudioVersion = 10.0.40219.1
Project("{2150E333-8FDC-42A3-9474-1A3956D46DE8}") = "PatientService", "PatientService", "{836D8D8B-5A97-41CE-956C-C4BFDA939474}"
EndProject
Project("{9A19103F-16F7-4668-BE54-9A1E7A4F7556}") = "Host", "Patient.Api\Host.csproj", "{6F45C50F-6786-429F-B58A-1A8949B89A1A}"
EndProject
Project("{9A19103F-16F7-4668-BE54-9A1E7A4F7556}") = "Application", "Patient.Application\Application.csproj", "{A90B3F28-1561-4FB0-BA78-DE3B57F50F31}"
EndProject
Project("{9A19103F-16F7-4668-BE54-9A1E7A4F7556}") = "Domain", "Patient.Domain\Domain.csproj", "{C5DD721A-3140-49D8-8235-DF7BF1BFCDA7}"
EndProject
Project("{9A19103F-16F7-4668-BE54-9A1E7A4F7556}") = "DataAccess", "DataAccess\DataAccess.csproj", "{9444E493-BDA3-4187-A564-AD4534F3DF46}"
EndProject
Project("{2150E333-8FDC-42A3-9474-1A3956D46DE8}") = "BookingService", "BookingService", "{DC8647A3-605A-4B56-AC06-8FAB99BD027A}"
EndProject
Project("{9A19103F-16F7-4668-BE54-9A1E7A4F7556}") = "Booking.Application", "Booking.Application\Booking.Application.csproj", "{04BA7C24-DD83-4360-B319-F8ABAFC81FC4}"
EndProject
Project("{9A19103F-16F7-4668-BE54-9A1E7A4F7556}") = "Booking.Domain", "Booking.Domain\Booking.Domain.csproj", "{EBB15E49-7E99-4403-87A2-420785625A2B}"
EndProject
Project("{9A19103F-16F7-4668-BE54-9A1E7A4F7556}") = "Booking.DataAccess", "Booking.DataAccess\Booking.DataAccess.csproj", "{61A2E791-C251-466F-930A-8C10363320E9}"
EndProject
Project("{9A19103F-16F7-4668-BE54-9A1E7A4F7556}") = "Booking.Host", "Booking.Host\Booking.Host.csproj", "{663554FC-7B53-47DA-B1CD-28A06905CA25}"
EndProject
Project("{9A19103F-16F7-4668-BE54-9A1E7A4F7556}") = "Booking.Http", "Booking.Http\Booking.Http.csproj", "{4FEA8DFF-E4FB-4BF1-9F9E-51F5578F4BF6}"
EndProject
Project("{2150E333-8FDC-42A3-9474-1A3956D46DE8}") = "DoctorService", "DoctorService", "{0D0A526D-842D-4E99-9DAC-8510C93F8839}"
EndProject
Project("{FAE04EC0-301F-11D3-BF4B-00C04F79EFBC}") = "Doctor.Domain", "Doctor.Domain\Doctor.Domain.csproj", "{33B80D25-5CEE-4BD0-BD75-6C0B543F6FC9}"
EndProject
Project("{FAE04EC0-301F-11D3-BF4B-00C04F79EFBC}") = "Doctor.Application", "Doctor.Application\Doctor.Application.csproj", "{33A2FC1B-F23F-451F-AF0A-7FA1DF84A151}"
EndProject
Project("{FAE04EC0-301F-11D3-BF4B-00C04F79EFBC}") = "Doctor.DataAccess", "Doctor.DataAccess\Doctor.DataAccess.csproj", "{F12D377A-9A54-4DD5-8203-EEFFB8649A44}"
EndProject
Global
	GlobalSection(SolutionConfigurationPlatforms) = preSolution
		Debug|Any CPU = Debug|Any CPU
		Release|Any CPU = Release|Any CPU
	EndGlobalSection
	GlobalSection(ProjectConfigurationPlatforms) = postSolution
		{6F45C50F-6786-429F-B58A-1A8949B89A1A}.Debug|Any CPU.ActiveCfg = Debug|Any CPU
		{6F45C50F-6786-429F-B58A-1A8949B89A1A}.Debug|Any CPU.Build.0 = Debug|Any CPU
		{6F45C50F-6786-429F-B58A-1A8949B89A1A}.Release|Any CPU.ActiveCfg = Release|Any CPU
		{6F45C50F-6786-429F-B58A-1A8949B89A1A}.Release|Any CPU.Build.0 = Release|Any CPU
		{A90B3F28-1561-4FB0-BA78-DE3B57F50F31}.Debug|Any CPU.ActiveCfg = Debug|Any CPU
		{A90B3F28-1561-4FB0-BA78-DE3B57F50F31}.Debug|Any CPU.Build.0 = Debug|Any CPU
		{A90B3F28-1561-4FB0-BA78-DE3B57F50F31}.Release|Any CPU.ActiveCfg = Release|Any CPU
		{A90B3F28-1561-4FB0-BA78-DE3B57F50F31}.Release|Any CPU.Build.0 = Release|Any CPU
		{C5DD721A-3140-49D8-8235-DF7BF1BFCDA7}.Debug|Any CPU.ActiveCfg = Debug|Any CPU
		{C5DD721A-3140-49D8-8235-DF7BF1BFCDA7}.Debug|Any CPU.Build.0 = Debug|Any CPU
		{C5DD721A-3140-49D8-8235-DF7BF1BFCDA7}.Release|Any CPU.ActiveCfg = Release|Any CPU
		{C5DD721A-3140-49D8-8235-DF7BF1BFCDA7}.Release|Any CPU.Build.0 = Release|Any CPU
		{9444E493-BDA3-4187-A564-AD4534F3DF46}.Debug|Any CPU.ActiveCfg = Debug|Any CPU
		{9444E493-BDA3-4187-A564-AD4534F3DF46}.Debug|Any CPU.Build.0 = Debug|Any CPU
		{9444E493-BDA3-4187-A564-AD4534F3DF46}.Release|Any CPU.ActiveCfg = Release|Any CPU
		{9444E493-BDA3-4187-A564-AD4534F3DF46}.Release|Any CPU.Build.0 = Release|Any CPU
		{04BA7C24-DD83-4360-B319-F8ABAFC81FC4}.Debug|Any CPU.ActiveCfg = Debug|Any CPU
		{04BA7C24-DD83-4360-B319-F8ABAFC81FC4}.Debug|Any CPU.Build.0 = Debug|Any CPU
		{04BA7C24-DD83-4360-B319-F8ABAFC81FC4}.Release|Any CPU.ActiveCfg = Release|Any CPU
		{04BA7C24-DD83-4360-B319-F8ABAFC81FC4}.Release|Any CPU.Build.0 = Release|Any CPU
		{EBB15E49-7E99-4403-87A2-420785625A2B}.Debug|Any CPU.ActiveCfg = Debug|Any CPU
		{EBB15E49-7E99-4403-87A2-420785625A2B}.Debug|Any CPU.Build.0 = Debug|Any CPU
		{EBB15E49-7E99-4403-87A2-420785625A2B}.Release|Any CPU.ActiveCfg = Release|Any CPU
		{EBB15E49-7E99-4403-87A2-420785625A2B}.Release|Any CPU.Build.0 = Release|Any CPU
		{61A2E791-C251-466F-930A-8C10363320E9}.Debug|Any CPU.ActiveCfg = Debug|Any CPU
		{61A2E791-C251-466F-930A-8C10363320E9}.Debug|Any CPU.Build.0 = Debug|Any CPU
		{61A2E791-C251-466F-930A-8C10363320E9}.Release|Any CPU.ActiveCfg = Release|Any CPU
		{61A2E791-C251-466F-930A-8C10363320E9}.Release|Any CPU.Build.0 = Release|Any CPU
		{663554FC-7B53-47DA-B1CD-28A06905CA25}.Debug|Any CPU.ActiveCfg = Debug|Any CPU
		{663554FC-7B53-47DA-B1CD-28A06905CA25}.Debug|Any CPU.Build.0 = Debug|Any CPU
		{663554FC-7B53-47DA-B1CD-28A06905CA25}.Release|Any CPU.ActiveCfg = Release|Any CPU
		{663554FC-7B53-47DA-B1CD-28A06905CA25}.Release|Any CPU.Build.0 = Release|Any CPU
		{4FEA8DFF-E4FB-4BF1-9F9E-51F5578F4BF6}.Debug|Any CPU.ActiveCfg = Debug|Any CPU
		{4FEA8DFF-E4FB-4BF1-9F9E-51F5578F4BF6}.Debug|Any CPU.Build.0 = Debug|Any CPU
		{4FEA8DFF-E4FB-4BF1-9F9E-51F5578F4BF6}.Release|Any CPU.ActiveCfg = Release|Any CPU
		{4FEA8DFF-E4FB-4BF1-9F9E-51F5578F4BF6}.Release|Any CPU.Build.0 = Release|Any CPU
		{33B80D25-5CEE-4BD0-BD75-6C0B543F6FC9}.Debug|Any CPU.ActiveCfg = Debug|Any CPU
		{33B80D25-5CEE-4BD0-BD75-6C0B543F6FC9}.Debug|Any CPU.Build.0 = Debug|Any CPU
		{33B80D25-5CEE-4BD0-BD75-6C0B543F6FC9}.Release|Any CPU.ActiveCfg = Release|Any CPU
		{33B80D25-5CEE-4BD0-BD75-6C0B543F6FC9}.Release|Any CPU.Build.0 = Release|Any CPU
		{33A2FC1B-F23F-451F-AF0A-7FA1DF84A151}.Debug|Any CPU.ActiveCfg = Debug|Any CPU
		{33A2FC1B-F23F-451F-AF0A-7FA1DF84A151}.Debug|Any CPU.Build.0 = Debug|Any CPU
		{33A2FC1B-F23F-451F-AF0A-7FA1DF84A151}.Release|Any CPU.ActiveCfg = Release|Any CPU
		{33A2FC1B-F23F-451F-AF0A-7FA1DF84A151}.Release|Any CPU.Build.0 = Release|Any CPU
		{F12D377A-9A54-4DD5-8203-EEFFB8649A44}.Debug|Any CPU.ActiveCfg = Debug|Any CPU
		{F12D377A-9A54-4DD5-8203-EEFFB8649A44}.Debug|Any CPU.Build.0 = Debug|Any CPU
		{F12D377A-9A54-4DD5-8203-EEFFB8649A44}.Release|Any CPU.ActiveCfg = Release|Any CPU
		{F12D377A-9A54-4DD5-8203-EEFFB8649A44}.Release|Any CPU.Build.0 = Release|Any CPU
	EndGlobalSection
	GlobalSection(SolutionProperties) = preSolution
		HideSolutionNode = FALSE
	EndGlobalSection
	GlobalSection(NestedProjects) = preSolution
		{6F45C50F-6786-429F-B58A-1A8949B89A1A} = {836D8D8B-5A97-41CE-956C-C4BFDA939474}
		{A90B3F28-1561-4FB0-BA78-DE3B57F50F31} = {836D8D8B-5A97-41CE-956C-C4BFDA939474}
		{C5DD721A-3140-49D8-8235-DF7BF1BFCDA7} = {836D8D8B-5A97-41CE-956C-C4BFDA939474}
		{9444E493-BDA3-4187-A564-AD4534F3DF46} = {836D8D8B-5A97-41CE-956C-C4BFDA939474}
		{04BA7C24-DD83-4360-B319-F8ABAFC81FC4} = {DC8647A3-605A-4B56-AC06-8FAB99BD027A}
		{EBB15E49-7E99-4403-87A2-420785625A2B} = {DC8647A3-605A-4B56-AC06-8FAB99BD027A}
		{61A2E791-C251-466F-930A-8C10363320E9} = {DC8647A3-605A-4B56-AC06-8FAB99BD027A}
		{663554FC-7B53-47DA-B1CD-28A06905CA25} = {DC8647A3-605A-4B56-AC06-8FAB99BD027A}
		{4FEA8DFF-E4FB-4BF1-9F9E-51F5578F4BF6} = {DC8647A3-605A-4B56-AC06-8FAB99BD027A}
		{33B80D25-5CEE-4BD0-BD75-6C0B543F6FC9} = {0D0A526D-842D-4E99-9DAC-8510C93F8839}
		{33A2FC1B-F23F-451F-AF0A-7FA1DF84A151} = {0D0A526D-842D-4E99-9DAC-8510C93F8839}
		{F12D377A-9A54-4DD5-8203-EEFFB8649A44} = {0D0A526D-842D-4E99-9DAC-8510C93F8839}
	EndGlobalSection
	GlobalSection(ExtensibilityGlobals) = postSolution
		SolutionGuid = {1A91F546-6461-49FD-ABB2-AB9A99692055}
	EndGlobalSection
EndGlobal
